// !$*UTF8*$!
{
	archiveVersion = 1;
	classes = {
	};
	objectVersion = 46;
	objects = {

/* Begin PBXBuildFile section */
		AAE0A8821B5B526900A62154 /* main.m in Sources */ = {isa = PBXBuildFile; fileRef = AAE0A8811B5B526900A62154 /* main.m */; };
		AAE0A8851B5B526900A62154 /* AppDelegate.m in Sources */ = {isa = PBXBuildFile; fileRef = AAE0A8841B5B526900A62154 /* AppDelegate.m */; };
		AAE0A8881B5B526900A62154 /* ViewController.m in Sources */ = {isa = PBXBuildFile; fileRef = AAE0A8871B5B526900A62154 /* ViewController.m */; };
		AAE0A88B1B5B526900A62154 /* Main.storyboard in Resources */ = {isa = PBXBuildFile; fileRef = AAE0A8891B5B526900A62154 /* Main.storyboard */; };
		AAE0A88D1B5B526900A62154 /* Assets.xcassets in Resources */ = {isa = PBXBuildFile; fileRef = AAE0A88C1B5B526900A62154 /* Assets.xcassets */; };
		AAE0A8901B5B526900A62154 /* LaunchScreen.storyboard in Resources */ = {isa = PBXBuildFile; fileRef = AAE0A88E1B5B526900A62154 /* LaunchScreen.storyboard */; };
		AAE0A8A21B5B52BB00A62154 /* DQKFreezeWindowView.m in Sources */ = {isa = PBXBuildFile; fileRef = AAE0A8991B5B52BB00A62154 /* DQKFreezeWindowView.m */; };
		AAE0A8A31B5B52BB00A62154 /* DQKMainViewCell.m in Sources */ = {isa = PBXBuildFile; fileRef = AAE0A89B1B5B52BB00A62154 /* DQKMainViewCell.m */; };
		AAE0A8A41B5B52BB00A62154 /* DQKRowViewCell.m in Sources */ = {isa = PBXBuildFile; fileRef = AAE0A89D1B5B52BB00A62154 /* DQKRowViewCell.m */; };
		AAE0A8A51B5B52BB00A62154 /* DQKSectionViewCell.m in Sources */ = {isa = PBXBuildFile; fileRef = AAE0A89F1B5B52BB00A62154 /* DQKSectionViewCell.m */; };
		AAE0A8A61B5B52BB00A62154 /* DQKSignView.m in Sources */ = {isa = PBXBuildFile; fileRef = AAE0A8A11B5B52BB00A62154 /* DQKSignView.m */; };
/* End PBXBuildFile section */

/* Begin PBXFileReference section */
		AAE0A87D1B5B526900A62154 /* DQKFreezeWindowViewExample.app */ = {isa = PBXFileReference; explicitFileType = wrapper.application; includeInIndex = 0; path = DQKFreezeWindowViewExample.app; sourceTree = BUILT_PRODUCTS_DIR; };
		AAE0A8811B5B526900A62154 /* main.m */ = {isa = PBXFileReference; lastKnownFileType = sourcecode.c.objc; path = main.m; sourceTree = "<group>"; };
		AAE0A8831B5B526900A62154 /* AppDelegate.h */ = {isa = PBXFileReference; lastKnownFileType = sourcecode.c.h; path = AppDelegate.h; sourceTree = "<group>"; };
		AAE0A8841B5B526900A62154 /* AppDelegate.m */ = {isa = PBXFileReference; lastKnownFileType = sourcecode.c.objc; path = AppDelegate.m; sourceTree = "<group>"; };
		AAE0A8861B5B526900A62154 /* ViewController.h */ = {isa = PBXFileReference; lastKnownFileType = sourcecode.c.h; path = ViewController.h; sourceTree = "<group>"; };
		AAE0A8871B5B526900A62154 /* ViewController.m */ = {isa = PBXFileReference; lastKnownFileType = sourcecode.c.objc; path = ViewController.m; sourceTree = "<group>"; };
		AAE0A88A1B5B526900A62154 /* Base */ = {isa = PBXFileReference; lastKnownFileType = file.storyboard; name = Base; path = Base.lproj/Main.storyboard; sourceTree = "<group>"; };
		AAE0A88C1B5B526900A62154 /* Assets.xcassets */ = {isa = PBXFileReference; lastKnownFileType = folder.assetcatalog; path = Assets.xcassets; sourceTree = "<group>"; };
		AAE0A88F1B5B526900A62154 /* Base */ = {isa = PBXFileReference; lastKnownFileType = file.storyboard; name = Base; path = Base.lproj/LaunchScreen.storyboard; sourceTree = "<group>"; };
		AAE0A8911B5B526900A62154 /* Info.plist */ = {isa = PBXFileReference; lastKnownFileType = text.plist.xml; path = Info.plist; sourceTree = "<group>"; };
		AAE0A8981B5B52BB00A62154 /* DQKFreezeWindowView.h */ = {isa = PBXFileReference; fileEncoding = 4; lastKnownFileType = sourcecode.c.h; path = DQKFreezeWindowView.h; sourceTree = "<group>"; };
		AAE0A8991B5B52BB00A62154 /* DQKFreezeWindowView.m */ = {isa = PBXFileReference; fileEncoding = 4; lastKnownFileType = sourcecode.c.objc; path = DQKFreezeWindowView.m; sourceTree = "<group>"; };
		AAE0A89A1B5B52BB00A62154 /* DQKMainViewCell.h */ = {isa = PBXFileReference; fileEncoding = 4; lastKnownFileType = sourcecode.c.h; path = DQKMainViewCell.h; sourceTree = "<group>"; };
		AAE0A89B1B5B52BB00A62154 /* DQKMainViewCell.m */ = {isa = PBXFileReference; fileEncoding = 4; lastKnownFileType = sourcecode.c.objc; path = DQKMainViewCell.m; sourceTree = "<group>"; };
		AAE0A89C1B5B52BB00A62154 /* DQKRowViewCell.h */ = {isa = PBXFileReference; fileEncoding = 4; lastKnownFileType = sourcecode.c.h; path = DQKRowViewCell.h; sourceTree = "<group>"; };
		AAE0A89D1B5B52BB00A62154 /* DQKRowViewCell.m */ = {isa = PBXFileReference; fileEncoding = 4; lastKnownFileType = sourcecode.c.objc; path = DQKRowViewCell.m; sourceTree = "<group>"; };
		AAE0A89E1B5B52BB00A62154 /* DQKSectionViewCell.h */ = {isa = PBXFileReference; fileEncoding = 4; lastKnownFileType = sourcecode.c.h; path = DQKSectionViewCell.h; sourceTree = "<group>"; };
		AAE0A89F1B5B52BB00A62154 /* DQKSectionViewCell.m */ = {isa = PBXFileReference; fileEncoding = 4; lastKnownFileType = sourcecode.c.objc; path = DQKSectionViewCell.m; sourceTree = "<group>"; };
		AAE0A8A01B5B52BB00A62154 /* DQKSignView.h */ = {isa = PBXFileReference; fileEncoding = 4; lastKnownFileType = sourcecode.c.h; path = DQKSignView.h; sourceTree = "<group>"; };
		AAE0A8A11B5B52BB00A62154 /* DQKSignView.m */ = {isa = PBXFileReference; fileEncoding = 4; lastKnownFileType = sourcecode.c.objc; path = DQKSignView.m; sourceTree = "<group>"; };
/* End PBXFileReference section */

/* Begin PBXFrameworksBuildPhase section */
		AAE0A87A1B5B526900A62154 /* Frameworks */ = {
			isa = PBXFrameworksBuildPhase;
			buildActionMask = 2147483647;
			files = (
			);
			runOnlyForDeploymentPostprocessing = 0;
		};
/* End PBXFrameworksBuildPhase section */

/* Begin PBXGroup section */
		AAE0A8741B5B526900A62154 = {
			isa = PBXGroup;
			children = (
				AAE0A87F1B5B526900A62154 /* DQKFreezeWindowViewExample */,
				AAE0A87E1B5B526900A62154 /* Products */,
			);
			sourceTree = "<group>";
		};
		AAE0A87E1B5B526900A62154 /* Products */ = {
			isa = PBXGroup;
			children = (
				AAE0A87D1B5B526900A62154 /* DQKFreezeWindowViewExample.app */,
			);
			name = Products;
			sourceTree = "<group>";
		};
		AAE0A87F1B5B526900A62154 /* DQKFreezeWindowViewExample */ = {
			isa = PBXGroup;
			children = (
				AAE0A8971B5B52BB00A62154 /* DQKFreezeWindowView */,
				AAE0A8831B5B526900A62154 /* AppDelegate.h */,
				AAE0A8841B5B526900A62154 /* AppDelegate.m */,
				AAE0A8861B5B526900A62154 /* ViewController.h */,
				AAE0A8871B5B526900A62154 /* ViewController.m */,
				AAE0A8891B5B526900A62154 /* Main.storyboard */,
				AAE0A88C1B5B526900A62154 /* Assets.xcassets */,
				AAE0A88E1B5B526900A62154 /* LaunchScreen.storyboard */,
				AAE0A8911B5B526900A62154 /* Info.plist */,
				AAE0A8801B5B526900A62154 /* Supporting Files */,
			);
			path = DQKFreezeWindowViewExample;
			sourceTree = "<group>";
		};
		AAE0A8801B5B526900A62154 /* Supporting Files */ = {
			isa = PBXGroup;
			children = (
				AAE0A8811B5B526900A62154 /* main.m */,
			);
			name = "Supporting Files";
			sourceTree = "<group>";
		};
		AAE0A8971B5B52BB00A62154 /* DQKFreezeWindowView */ = {
			isa = PBXGroup;
			children = (
				AAE0A8981B5B52BB00A62154 /* DQKFreezeWindowView.h */,
				AAE0A8991B5B52BB00A62154 /* DQKFreezeWindowView.m */,
				AAE0A89A1B5B52BB00A62154 /* DQKMainViewCell.h */,
				AAE0A89B1B5B52BB00A62154 /* DQKMainViewCell.m */,
				AAE0A89C1B5B52BB00A62154 /* DQKRowViewCell.h */,
				AAE0A89D1B5B52BB00A62154 /* DQKRowViewCell.m */,
				AAE0A89E1B5B52BB00A62154 /* DQKSectionViewCell.h */,
				AAE0A89F1B5B52BB00A62154 /* DQKSectionViewCell.m */,
				AAE0A8A01B5B52BB00A62154 /* DQKSignView.h */,
				AAE0A8A11B5B52BB00A62154 /* DQKSignView.m */,
			);
			name = DQKFreezeWindowView;
			path = ../../DQKFreezeWindowView;
			sourceTree = "<group>";
		};
/* End PBXGroup section */

/* Begin PBXNativeTarget section */
		AAE0A87C1B5B526900A62154 /* DQKFreezeWindowViewExample */ = {
			isa = PBXNativeTarget;
			buildConfigurationList = AAE0A8941B5B526900A62154 /* Build configuration list for PBXNativeTarget "DQKFreezeWindowViewExample" */;
			buildPhases = (
				AAE0A8791B5B526900A62154 /* Sources */,
				AAE0A87A1B5B526900A62154 /* Frameworks */,
				AAE0A87B1B5B526900A62154 /* Resources */,
			);
			buildRules = (
			);
			dependencies = (
			);
			name = DQKFreezeWindowViewExample;
			productName = DQKFreezeWindowViewExample;
			productReference = AAE0A87D1B5B526900A62154 /* DQKFreezeWindowViewExample.app */;
			productType = "com.apple.product-type.application";
		};
/* End PBXNativeTarget section */

/* Begin PBXProject section */
		AAE0A8751B5B526900A62154 /* Project object */ = {
			isa = PBXProject;
			attributes = {
				LastUpgradeCheck = 0700;
				ORGANIZATIONNAME = dianqk;
				TargetAttributes = {
					AAE0A87C1B5B526900A62154 = {
						CreatedOnToolsVersion = 7.0;
					};
				};
			};
			buildConfigurationList = AAE0A8781B5B526900A62154 /* Build configuration list for PBXProject "DQKFreezeWindowViewExample" */;
			compatibilityVersion = "Xcode 3.2";
			developmentRegion = English;
			hasScannedForEncodings = 0;
			knownRegions = (
				en,
				Base,
			);
			mainGroup = AAE0A8741B5B526900A62154;
			productRefGroup = AAE0A87E1B5B526900A62154 /* Products */;
			projectDirPath = "";
			projectRoot = "";
			targets = (
				AAE0A87C1B5B526900A62154 /* DQKFreezeWindowViewExample */,
			);
		};
/* End PBXProject section */

/* Begin PBXResourcesBuildPhase section */
		AAE0A87B1B5B526900A62154 /* Resources */ = {
			isa = PBXResourcesBuildPhase;
			buildActionMask = 2147483647;
			files = (
				AAE0A8901B5B526900A62154 /* LaunchScreen.storyboard in Resources */,
				AAE0A88D1B5B526900A62154 /* Assets.xcassets in Resources */,
				AAE0A88B1B5B526900A62154 /* Main.storyboard in Resources */,
			);
			runOnlyForDeploymentPostprocessing = 0;
		};
/* End PBXResourcesBuildPhase section */

/* Begin PBXSourcesBuildPhase section */
		AAE0A8791B5B526900A62154 /* Sources */ = {
			isa = PBXSourcesBuildPhase;
			buildActionMask = 2147483647;
			files = (
				AAE0A8A21B5B52BB00A62154 /* DQKFreezeWindowView.m in Sources */,
				AAE0A8881B5B526900A62154 /* ViewController.m in Sources */,
				AAE0A8A41B5B52BB00A62154 /* DQKRowViewCell.m in Sources */,
				AAE0A8851B5B526900A62154 /* AppDelegate.m in Sources */,
				AAE0A8A61B5B52BB00A62154 /* DQKSignView.m in Sources */,
				AAE0A8A51B5B52BB00A62154 /* DQKSectionViewCell.m in Sources */,
				AAE0A8821B5B526900A62154 /* main.m in Sources */,
				AAE0A8A31B5B52BB00A62154 /* DQKMainViewCell.m in Sources */,
			);
			runOnlyForDeploymentPostprocessing = 0;
		};
/* End PBXSourcesBuildPhase section */

/* Begin PBXVariantGroup section */
		AAE0A8891B5B526900A62154 /* Main.storyboard */ = {
			isa = PBXVariantGroup;
			children = (
				AAE0A88A1B5B526900A62154 /* Base */,
			);
			name = Main.storyboard;
			sourceTree = "<group>";
		};
		AAE0A88E1B5B526900A62154 /* LaunchScreen.storyboard */ = {
			isa = PBXVariantGroup;
			children = (
				AAE0A88F1B5B526900A62154 /* Base */,
			);
			name = LaunchScreen.storyboard;
			sourceTree = "<group>";
		};
/* End PBXVariantGroup section */

/* Begin XCBuildConfiguration section */
		AAE0A8921B5B526900A62154 /* Debug */ = {
			isa = XCBuildConfiguration;
			buildSettings = {
				ALWAYS_SEARCH_USER_PATHS = NO;
				CLANG_CXX_LANGUAGE_STANDARD = "gnu++0x";
				CLANG_CXX_LIBRARY = "libc++";
				CLANG_ENABLE_MODULES = YES;
				CLANG_ENABLE_OBJC_ARC = YES;
				CLANG_WARN_BOOL_CONVERSION = YES;
				CLANG_WARN_CONSTANT_CONVERSION = YES;
				CLANG_WARN_DIRECT_OBJC_ISA_USAGE = YES_ERROR;
				CLANG_WARN_EMPTY_BODY = YES;
				CLANG_WARN_ENUM_CONVERSION = YES;
				CLANG_WARN_INT_CONVERSION = YES;
				CLANG_WARN_OBJC_ROOT_CLASS = YES_ERROR;
				CLANG_WARN_UNREACHABLE_CODE = YES;
				CLANG_WARN__DUPLICATE_METHOD_MATCH = YES;
				"CODE_SIGN_IDENTITY[sdk=iphoneos*]" = "iPhone Developer";
				COPY_PHASE_STRIP = NO;
				DEBUG_INFORMATION_FORMAT = dwarf;
				ENABLE_STRICT_OBJC_MSGSEND = YES;
				ENABLE_TESTABILITY = YES;
				GCC_C_LANGUAGE_STANDARD = gnu99;
				GCC_DYNAMIC_NO_PIC = NO;
				GCC_NO_COMMON_BLOCKS = YES;
				GCC_OPTIMIZATION_LEVEL = 0;
				GCC_PREPROCESSOR_DEFINITIONS = (
					"DEBUG=1",
					"$(inherited)",
				);
				GCC_WARN_64_TO_32_BIT_CONVERSION = YES;
				GCC_WARN_ABOUT_RETURN_TYPE = YES_ERROR;
				GCC_WARN_UNDECLARED_SELECTOR = YES;
				GCC_WARN_UNINITIALIZED_AUTOS = YES_AGGRESSIVE;
				GCC_WARN_UNUSED_FUNCTION = YES;
				GCC_WARN_UNUSED_VARIABLE = YES;
				IPHONEOS_DEPLOYMENT_TARGET = 9.0;
				MTL_ENABLE_DEBUG_INFO = YES;
				ONLY_ACTIVE_ARCH = YES;
				SDKROOT = iphoneos;
			};
			name = Debug;
		};
		AAE0A8931B5B526900A62154 /* Release */ = {
			isa = XCBuildConfiguration;
			buildSettings = {
				ALWAYS_SEARCH_USER_PATHS = NO;
				CLANG_CXX_LANGUAGE_STANDARD = "gnu++0x";
				CLANG_CXX_LIBRARY = "libc++";
				CLANG_ENABLE_MODULES = YES;
				CLANG_ENABLE_OBJC_ARC = YES;
				CLANG_WARN_BOOL_CONVERSION = YES;
				CLANG_WARN_CONSTANT_CONVERSION = YES;
				CLANG_WARN_DIRECT_OBJC_ISA_USAGE = YES_ERROR;
				CLANG_WARN_EMPTY_BODY = YES;
				CLANG_WARN_ENUM_CONVERSION = YES;
				CLANG_WARN_INT_CONVERSION = YES;
				CLANG_WARN_OBJC_ROOT_CLASS = YES_ERROR;
				CLANG_WARN_UNREACHABLE_CODE = YES;
				CLANG_WARN__DUPLICATE_METHOD_MATCH = YES;
				"CODE_SIGN_IDENTITY[sdk=iphoneos*]" = "iPhone Developer";
				COPY_PHASE_STRIP = NO;
				DEBUG_INFORMATION_FORMAT = "dwarf-with-dsym";
				ENABLE_NS_ASSERTIONS = NO;
				ENABLE_STRICT_OBJC_MSGSEND = YES;
				GCC_C_LANGUAGE_STANDARD = gnu99;
				GCC_NO_COMMON_BLOCKS = YES;
				GCC_WARN_64_TO_32_BIT_CONVERSION = YES;
				GCC_WARN_ABOUT_RETURN_TYPE = YES_ERROR;
				GCC_WARN_UNDECLARED_SELECTOR = YES;
				GCC_WARN_UNINITIALIZED_AUTOS = YES_AGGRESSIVE;
				GCC_WARN_UNUSED_FUNCTION = YES;
				GCC_WARN_UNUSED_VARIABLE = YES;
				IPHONEOS_DEPLOYMENT_TARGET = 9.0;
				MTL_ENABLE_DEBUG_INFO = NO;
				SDKROOT = iphoneos;
				VALIDATE_PRODUCT = YES;
			};
			name = Release;
		};
		AAE0A8951B5B526900A62154 /* Debug */ = {
			isa = XCBuildConfiguration;
			buildSettings = {
				ASSETCATALOG_COMPILER_APPICON_NAME = AppIcon;
				INFOPLIST_FILE = DQKFreezeWindowViewExample/Info.plist;
				IPHONEOS_DEPLOYMENT_TARGET = 8.0;
				LD_RUNPATH_SEARCH_PATHS = "$(inherited) @executable_path/Frameworks";
				PRODUCT_BUNDLE_IDENTIFIER = com.dianqk.DQKFreezeWindowViewExample;
				PRODUCT_NAME = "$(TARGET_NAME)";
			};
			name = Debug;
		};
		AAE0A8961B5B526900A62154 /* Release */ = {
			isa = XCBuildConfiguration;
			buildSettings = {
				ASSETCATALOG_COMPILER_APPICON_NAME = AppIcon;
				INFOPLIST_FILE = DQKFreezeWindowViewExample/Info.plist;
				IPHONEOS_DEPLOYMENT_TARGET = 8.0;
				LD_RUNPATH_SEARCH_PATHS = "$(inherited) @executable_path/Frameworks";
				PRODUCT_BUNDLE_IDENTIFIER = com.dianqk.DQKFreezeWindowViewExample;
				PRODUCT_NAME = "$(TARGET_NAME)";
			};
			name = Release;
		};
/* End XCBuildConfiguration section */

/* Begin XCConfigurationList section */
		AAE0A8781B5B526900A62154 /* Build configuration list for PBXProject "DQKFreezeWindowViewExample" */ = {
			isa = XCConfigurationList;
			buildConfigurations = (
				AAE0A8921B5B526900A62154 /* Debug */,
				AAE0A8931B5B526900A62154 /* Release */,
			);
			defaultConfigurationIsVisible = 0;
			defaultConfigurationName = Release;
		};
		AAE0A8941B5B526900A62154 /* Build configuration list for PBXNativeTarget "DQKFreezeWindowViewExample" */ = {
			isa = XCConfigurationList;
			buildConfigurations = (
				AAE0A8951B5B526900A62154 /* Debug */,
				AAE0A8961B5B526900A62154 /* Release */,
			);
			defaultConfigurationIsVisible = 0;
		};
/* End XCConfigurationList section */
	};
	rootObject = AAE0A8751B5B526900A62154 /* Project object */;
}
